{
    "_readme": [
        "This file locks the dependencies of your project to a known state",
        "Read more about it at https://getcomposer.org/doc/01-basic-usage.md#installing-dependencies",
        "This file is @generated automatically"
    ],
    "content-hash": "512e9b9bcf3007b39900a8bfe1fd4b9f",
    "packages": [
        {
            "name": "phore/cloudtool",
            "version": "dev-master",
            "source": {
                "type": "git",
                "url": "https://github.com/phore/phore-cloudtool.git",
                "reference": "cf5954ed6e00c135eb4f3d4293cb3d146929f86f"
            },
            "dist": {
                "type": "zip",
                "url": "https://api.github.com/repos/phore/phore-cloudtool/zipball/cf5954ed6e00c135eb4f3d4293cb3d146929f86f",
                "reference": "cf5954ed6e00c135eb4f3d4293cb3d146929f86f",
                "shasum": ""
            },
            "require": {
                "ext-pcre": "*",
                "phore/filesystem": "dev-master",
                "phore/log": "dev-master",
                "phore/system": "dev-master",
                "php": ">=7.2",
                "text/template": "dev-master"
            },
            "default-branch": true,
            "bin": [
                "bin/cloudtool"
            ],
            "type": "library",
            "autoload": {
                "psr-4": {
                    "Phore\\CloudTool\\": "src/"
                }
            },
            "notification-url": "https://packagist.org/downloads/",
            "license": [
                "MIT"
            ],
            "authors": [
                {
                    "name": "Matthias Leuffen",
                    "email": "matthes@leuffen.de"
                }
            ],
            "description": "Script to update config files using template",
            "homepage": "http://infracamp.org/project/phore",
            "keywords": [
                "config",
                "template",
                "text"
            ],
            "support": {
                "issues": "https://github.com/phore/phore-cloudtool/issues",
                "source": "https://github.com/phore/phore-cloudtool/tree/master"
            },
            "time": "2020-09-03T17:20:51+00:00"
        },
        {
            "name": "phore/core",
            "version": "dev-master",
            "source": {
                "type": "git",
                "url": "https://github.com/phore/phore-core.git",
                "reference": "78b98f759e055380ee5d3837aafd10e443339010"
            },
            "dist": {
                "type": "zip",
                "url": "https://api.github.com/repos/phore/phore-core/zipball/78b98f759e055380ee5d3837aafd10e443339010",
                "reference": "78b98f759e055380ee5d3837aafd10e443339010",
                "shasum": ""
            },
            "require": {
                "php": ">=7.1"
            },
            "require-dev": {
                "ext-json": "*",
                "ext-sodium": "*",
                "ext-yaml": "*",
                "phpunit/phpunit": "*"
            },
            "suggest": {
                "ext-json": "Json encoding parsing",
                "ext-sodium": "Encryption functions",
                "ext-yaml": "Yaml encoding parsing"
            },
            "default-branch": true,
            "type": "library",
            "autoload": {
                "psr-4": {
                    "Phore\\Core\\": "src/"
                },
                "files": [
                    "src/functions.inc.php"
                ]
            },
            "notification-url": "https://packagist.org/downloads/",
            "license": [
                "MIT"
            ],
            "authors": [
                {
                    "name": "Matthias Leuffen",
                    "email": "m@tth.es"
                }
            ],
            "description": "Phore core library",
            "homepage": "https://infracamp.org/project/phore",
            "support": {
                "issues": "https://github.com/phore/phore-core/issues",
                "source": "https://github.com/phore/phore-core/tree/master"
            },
            "time": "2020-09-22T10:24:50+00:00"
        },
        {
            "name": "phore/filesystem",
            "version": "dev-master",
            "source": {
                "type": "git",
                "url": "https://github.com/phore/phore-filesystem.git",
                "reference": "2a4edc48488b1355742b89cb4f052367f1efaa18"
            },
            "dist": {
                "type": "zip",
                "url": "https://api.github.com/repos/phore/phore-filesystem/zipball/2a4edc48488b1355742b89cb4f052367f1efaa18",
                "reference": "2a4edc48488b1355742b89cb4f052367f1efaa18",
                "shasum": ""
            },
            "require": {
                "ext-json": "*",
                "ext-yaml": "*",
                "phore/core": "*",
                "php": ">7.1",
                "psr/http-message": "^1.0@dev"
            },
            "require-dev": {
                "phpunit/phpunit": "^8.0@dev"
            },
            "default-branch": true,
            "type": "library",
            "autoload": {
                "psr-4": {
                    "Phore\\FileSystem\\": "src/"
                },
                "files": [
                    "src/functions.php"
                ]
            },
            "notification-url": "https://packagist.org/downloads/",
            "license": [
                "MIT"
            ],
            "authors": [
                {
                    "name": "Matthias Leuffen",
                    "email": "leuffen@continue.de"
                }
            ],
            "description": "Acces files layer",
            "homepage": "http://infracamp.org/project/phore",
            "support": {
                "issues": "https://github.com/phore/phore-filesystem/issues",
                "source": "https://github.com/phore/phore-filesystem/tree/master"
            },
            "time": "2021-03-05T19:47:08+00:00"
        },
        {
            "name": "phore/http-client",
            "version": "dev-master",
            "source": {
                "type": "git",
                "url": "https://github.com/phore/phore-http-client.git",
                "reference": "6e698d8e1f5a220bd5d6a92fb9a9d0c275060953"
            },
            "dist": {
                "type": "zip",
                "url": "https://api.github.com/repos/phore/phore-http-client/zipball/6e698d8e1f5a220bd5d6a92fb9a9d0c275060953",
                "reference": "6e698d8e1f5a220bd5d6a92fb9a9d0c275060953",
                "shasum": ""
            },
            "require": {
                "ext-curl": "*",
                "ext-http": "*",
                "ext-json": "*",
                "phore/core": "*",
                "php": ">=7.1"
            },
            "require-dev": {
                "phore/cache": "*",
                "phore/filesystem": "*",
                "phore/objectstore": "*",
                "phpunit/phpunit": "*"
            },
            "suggest": {
                "phore/cache": "Use request caching"
            },
            "default-branch": true,
            "type": "library",
            "autoload": {
                "psr-4": {
                    "Phore\\HttpClient\\": "src/"
                },
                "files": [
                    "src/functions.php"
                ]
            },
            "notification-url": "https://packagist.org/downloads/",
            "license": [
                "MIT"
            ],
            "authors": [
                {
                    "name": "Matthias Leuffen",
                    "email": "m@tth.es"
                }
            ],
            "description": "Http client library for fast api access",
            "homepage": "https://infracamp.org/phore/",
            "keywords": [
                "Keyword1",
                "Keyword2"
            ],
            "support": {
                "issues": "https://github.com/phore/phore-http-client/issues",
                "source": "https://github.com/phore/phore-http-client/tree/master"
            },
            "time": "2021-02-17T13:15:16+00:00"
        },
        {
            "name": "phore/hydrator",
            "version": "dev-master",
            "source": {
                "type": "git",
                "url": "https://github.com/phore/phore-hydrator.git",
                "reference": "ffd6595bbb392069b7881230d5a8ebd8ffa7bb62"
            },
            "dist": {
                "type": "zip",
                "url": "https://api.github.com/repos/phore/phore-hydrator/zipball/ffd6595bbb392069b7881230d5a8ebd8ffa7bb62",
                "reference": "ffd6595bbb392069b7881230d5a8ebd8ffa7bb62",
                "shasum": ""
            },
            "require": {
                "phore/core": "*",
                "php": ">=7.2"
            },
            "require-dev": {
                "phpunit/phpunit": "*"
            },
            "default-branch": true,
            "type": "library",
            "autoload": {
                "psr-4": {
                    "Phore\\Hydrator\\": "src/"
                },
                "files": [
                    "src/functions.php"
                ]
            },
            "notification-url": "https://packagist.org/downloads/",
            "license": [
                "MIT"
            ],
            "authors": [
                {
                    "name": "Matthias Leuffen",
                    "email": "m@tth.es"
                }
            ],
            "description": "Unserialize arrays into object structure",
            "support": {
                "issues": "https://github.com/phore/phore-hydrator/issues",
                "source": "https://github.com/phore/phore-hydrator/tree/master"
            },
            "time": "2021-10-28T12:38:49+00:00"
        },
        {
            "name": "phore/log",
            "version": "dev-master",
            "source": {
                "type": "git",
                "url": "https://github.com/phore/phore-log.git",
                "reference": "9bfde9d18d94c8fa0450bccc98801d24dc2cb83b"
            },
            "dist": {
                "type": "zip",
                "url": "https://api.github.com/repos/phore/phore-log/zipball/9bfde9d18d94c8fa0450bccc98801d24dc2cb83b",
                "reference": "9bfde9d18d94c8fa0450bccc98801d24dc2cb83b",
                "shasum": ""
            },
            "require": {
                "phore/core": "*",
                "php": ">=7.1",
                "psr/log": "^1.1"
            },
            "require-dev": {
                "phpunit/phpunit": "*"
            },
            "default-branch": true,
            "type": "library",
            "autoload": {
                "psr-4": {
                    "Phore\\Log\\": "src/"
                },
                "files": [
                    "src/functions.php"
                ]
            },
            "notification-url": "https://packagist.org/downloads/",
            "license": [
                "MIT"
            ],
            "authors": [
                {
                    "name": "Matthias Leuffen",
                    "email": "m@tth.es"
                }
            ],
            "description": "Logging class",
            "homepage": "https://infracamp.org/project/phore",
            "keywords": [
                "logging",
                "syslog"
            ],
            "support": {
                "issues": "https://github.com/phore/phore-log/issues",
                "source": "https://github.com/phore/phore-log/tree/v1.1.0"
            },
            "time": "2020-09-09T09:19:09+00:00"
        },
        {
            "name": "phore/system",
            "version": "dev-master",
            "source": {
                "type": "git",
                "url": "https://github.com/phore/phore-system.git",
                "reference": "7c5b9fb48c2c434cb8bcb5a7e2726f2ea5109835"
            },
            "dist": {
                "type": "zip",
                "url": "https://api.github.com/repos/phore/phore-system/zipball/7c5b9fb48c2c434cb8bcb5a7e2726f2ea5109835",
                "reference": "7c5b9fb48c2c434cb8bcb5a7e2726f2ea5109835",
                "shasum": ""
            },
            "require": {
                "phore/core": "*",
                "php": ">7.1"
            },
            "require-dev": {
                "phpunit/phpunit": "^8.1"
            },
            "default-branch": true,
            "type": "library",
            "autoload": {
                "psr-4": {
                    "Phore\\System\\": "src/"
                },
                "files": [
                    "src/functions.php"
                ]
            },
            "notification-url": "https://packagist.org/downloads/",
            "license": [
                "MIT"
            ],
            "authors": [
                {
                    "name": "Matthias Leuffen",
                    "email": "leuffen@continue.de"
                }
            ],
            "description": "Execute shell commands",
            "homepage": "https://infracamp.org/project/phore",
            "support": {
                "issues": "https://github.com/phore/phore-system/issues",
                "source": "https://github.com/phore/phore-system/tree/master"
            },
            "time": "2020-09-07T19:03:30+00:00"
        },
        {
            "name": "psr/http-message",
            "version": "dev-master",
            "source": {
                "type": "git",
                "url": "https://github.com/php-fig/http-message.git",
                "reference": "efd67d1dc14a7ef4fc4e518e7dee91c271d524e4"
            },
            "dist": {
                "type": "zip",
                "url": "https://api.github.com/repos/php-fig/http-message/zipball/efd67d1dc14a7ef4fc4e518e7dee91c271d524e4",
                "reference": "efd67d1dc14a7ef4fc4e518e7dee91c271d524e4",
                "shasum": ""
            },
            "require": {
                "php": ">=5.3.0"
            },
            "default-branch": true,
            "type": "library",
            "extra": {
                "branch-alias": {
                    "dev-master": "1.0.x-dev"
                }
            },
            "autoload": {
                "psr-4": {
                    "Psr\\Http\\Message\\": "src/"
                }
            },
            "notification-url": "https://packagist.org/downloads/",
            "license": [
                "MIT"
            ],
            "authors": [
                {
                    "name": "PHP-FIG",
                    "homepage": "http://www.php-fig.org/"
                }
            ],
            "description": "Common interface for HTTP messages",
            "homepage": "https://github.com/php-fig/http-message",
            "keywords": [
                "http",
                "http-message",
                "psr",
                "psr-7",
                "request",
                "response"
            ],
            "support": {
                "source": "https://github.com/php-fig/http-message/tree/master"
            },
            "time": "2019-08-29T13:16:46+00:00"
        },
        {
            "name": "psr/log",
            "version": "1.1.4",
            "source": {
                "type": "git",
                "url": "https://github.com/php-fig/log.git",
                "reference": "d49695b909c3b7628b6289db5479a1c204601f11"
            },
            "dist": {
                "type": "zip",
                "url": "https://api.github.com/repos/php-fig/log/zipball/d49695b909c3b7628b6289db5479a1c204601f11",
                "reference": "d49695b909c3b7628b6289db5479a1c204601f11",
                "shasum": ""
            },
            "require": {
                "php": ">=5.3.0"
            },
            "type": "library",
            "extra": {
                "branch-alias": {
                    "dev-master": "1.1.x-dev"
                }
            },
            "autoload": {
                "psr-4": {
                    "Psr\\Log\\": "Psr/Log/"
                }
            },
            "notification-url": "https://packagist.org/downloads/",
            "license": [
                "MIT"
            ],
            "authors": [
                {
                    "name": "PHP-FIG",
                    "homepage": "https://www.php-fig.org/"
                }
            ],
            "description": "Common interface for logging libraries",
            "homepage": "https://github.com/php-fig/log",
            "keywords": [
                "log",
                "psr",
                "psr-3"
            ],
            "support": {
                "source": "https://github.com/php-fig/log/tree/1.1.4"
            },
            "time": "2021-05-03T11:20:27+00:00"
        },
        {
            "name": "text/template",
            "version": "dev-master",
            "source": {
                "type": "git",
                "url": "https://github.com/dermatthes/text-template.git",
                "reference": "83d7b2b9c1afddebe3f5dc081c3ac2d4fba7c2eb"
            },
            "dist": {
                "type": "zip",
                "url": "https://api.github.com/repos/dermatthes/text-template/zipball/83d7b2b9c1afddebe3f5dc081c3ac2d4fba7c2eb",
                "reference": "83d7b2b9c1afddebe3f5dc081c3ac2d4fba7c2eb",
                "shasum": ""
            },
            "require": {
                "ext-pcre": "*",
                "php": ">=5.4"
            },
            "require-dev": {
                "nette/tester": "*",
                "phpunit/phpcov": "^2.0",
                "satooshi/php-coveralls": "*"
            },
            "default-branch": true,
            "type": "library",
            "autoload": {
                "psr-4": {
                    "Leuffen\\TextTemplate\\": "src/"
                }
            },
            "notification-url": "https://packagist.org/downloads/",
            "license": [
                "MIT"
            ],
            "authors": [
                {
                    "name": "Matthias Leuffen",
                    "email": "matthes@leuffen.de"
                }
            ],
            "description": "Simple and secure string-template-engine (Twig-like syntax) with nested if/elseif/else, loops, filters. Simple OOP api: Just one class doing the job (2-lines of code). Fast and secure: No code-generation, no eval'ed() code. Extensible by callbacks. Fully tested. Rich examples included.",
            "homepage": "http://text-template.pub.leuffen.de",
            "keywords": [
                "filter",
                "for",
                "if",
                "loop",
                "mail",
                "render",
                "smarty",
                "template",
                "text",
                "twig"
            ],
            "support": {
                "issues": "https://github.com/dermatthes/text-template/issues",
                "source": "https://github.com/dermatthes/text-template/tree/v2.7.2"
            },
            "time": "2021-10-20T20:33:54+00:00"
        }
    ],
    "packages-dev": [],
    "aliases": [],
    "minimum-stability": "dev",
    "stability-flags": {
        "phore/cloudtool": 20,
        "phore/hydrator": 20,
        "phore/system": 20,
        "phore/http-client": 20
    },
    "prefer-stable": false,
    "prefer-lowest": false,
    "platform": {
        "php": ">=7.1"
    },
    "platform-dev": [],
    "plugin-api-version": "2.1.0"
}
