{
    "_readme": [
        "This file locks the dependencies of your project to a known state",
        "Read more about it at https://getcomposer.org/doc/01-basic-usage.md#installing-dependencies",
        "This file is @generated automatically"
    ],
    "content-hash": "512e9b9bcf3007b39900a8bfe1fd4b9f",
    "packages": [
        {
            "name": "phore/cloudtool",
            "version": "dev-master",
            "source": {
                "type": "git",
                "url": "https://github.com/phore/phore-cloudtool.git",
                "reference": "cf5954ed6e00c135eb4f3d4293cb3d146929f86f"
            },
            "dist": {
                "type": "zip",
                "url": "https://api.github.com/repos/phore/phore-cloudtool/zipball/cf5954ed6e00c135eb4f3d4293cb3d146929f86f",
                "reference": "cf5954ed6e00c135eb4f3d4293cb3d146929f86f",
                "shasum": ""
            },
            "require": {
                "ext-pcre": "*",
                "phore/filesystem": "dev-master",
                "phore/log": "dev-master",
                "phore/system": "dev-master",
                "php": ">=7.2",
                "text/template": "dev-master"
            },
            "default-branch": true,
            "bin": [
                "bin/cloudtool"
            ],
            "type": "library",
            "autoload": {
                "psr-4": {
                    "Phore\\CloudTool\\": "src/"
                }
            },
            "notification-url": "https://packagist.org/downloads/",
            "license": [
                "MIT"
            ],
            "authors": [
                {
                    "name": "Matthias Leuffen",
                    "email": "matthes@leuffen.de"
                }
            ],
            "description": "Script to update config files using template",
            "homepage": "http://infracamp.org/project/phore",
            "keywords": [
                "config",
                "template",
                "text"
            ],
            "support": {
                "issues": "https://github.com/phore/phore-cloudtool/issues",
                "source": "https://github.com/phore/phore-cloudtool/tree/master"
            },
            "time": "2020-09-03T17:20:51+00:00"
        },
        {
            "name": "phore/core",
            "version": "dev-master",
            "source": {
                "type": "git",
                "url": "https://github.com/phore/phore-core.git",
                "reference": "e5f422164253dae0aa9e74786d609ee62e85c09c"
            },
            "dist": {
                "type": "zip",
                "url": "https://api.github.com/repos/phore/phore-core/zipball/e5f422164253dae0aa9e74786d609ee62e85c09c",
                "reference": "e5f422164253dae0aa9e74786d609ee62e85c09c",
                "shasum": ""
            },
            "require": {
                "php": ">=7.1"
            },
            "require-dev": {
                "ext-json": "*",
                "ext-sodium": "*",
                "ext-yaml": "*",
                "phpunit/phpunit": "*"
            },
            "suggest": {
                "ext-json": "Json encoding parsing",
                "ext-sodium": "Encryption functions",
                "ext-yaml": "Yaml encoding parsing"
            },
            "default-branch": true,
            "type": "library",
            "autoload": {
                "files": [
                    "src/functions.inc.php"
                ],
                "psr-4": {
                    "Phore\\Core\\": "src/"
                }
            },
            "notification-url": "https://packagist.org/downloads/",
            "license": [
                "MIT"
            ],
            "authors": [
                {
                    "name": "Matthias Leuffen",
                    "email": "m@tth.es"
                }
            ],
            "description": "Phore core library",
            "homepage": "https://infracamp.org/project/phore",
            "support": {
                "issues": "https://github.com/phore/phore-core/issues",
                "source": "https://github.com/phore/phore-core/tree/master"
            },
            "time": "2023-12-02T11:12:41+00:00"
        },
        {
            "name": "phore/filesystem",
            "version": "dev-master",
            "source": {
                "type": "git",
                "url": "https://github.com/phore/phore-filesystem.git",
                "reference": "a312f68012d9f67f215b6328863dec1ae152630f"
            },
            "dist": {
                "type": "zip",
                "url": "https://api.github.com/repos/phore/phore-filesystem/zipball/a312f68012d9f67f215b6328863dec1ae152630f",
                "reference": "a312f68012d9f67f215b6328863dec1ae152630f",
                "shasum": ""
            },
            "require": {
                "ext-json": "*",
                "ext-yaml": "*",
                "phore/core": "*",
                "php": ">8.1",
                "psr/http-message": "^1.0@dev"
            },
            "require-dev": {
                "phpunit/phpunit": "^9.5"
            },
            "default-branch": true,
            "type": "library",
            "autoload": {
                "files": [
                    "src/functions.php"
                ],
                "psr-4": {
                    "Phore\\FileSystem\\": "src/"
                }
            },
            "notification-url": "https://packagist.org/downloads/",
            "license": [
                "MIT"
            ],
            "authors": [
                {
                    "name": "Matthias Leuffen",
                    "email": "leuffen@continue.de"
                }
            ],
            "description": "Acces files layer",
            "homepage": "http://infracamp.org/project/phore",
            "support": {
                "issues": "https://github.com/phore/phore-filesystem/issues",
                "source": "https://github.com/phore/phore-filesystem/tree/master"
            },
            "time": "2024-01-18T13:57:00+00:00"
        },
        {
            "name": "phore/http-client",
            "version": "dev-master",
            "source": {
                "type": "git",
                "url": "https://github.com/phore/phore-http-client.git",
                "reference": "a1557dffb2767c8d893d7f4c59c54b9e5aab26ef"
            },
            "dist": {
                "type": "zip",
                "url": "https://api.github.com/repos/phore/phore-http-client/zipball/a1557dffb2767c8d893d7f4c59c54b9e5aab26ef",
                "reference": "a1557dffb2767c8d893d7f4c59c54b9e5aab26ef",
                "shasum": ""
            },
            "require": {
                "ext-curl": "*",
                "ext-json": "*",
                "phore/core": "*",
                "php": ">=7.1"
            },
            "require-dev": {
                "phore/cache": "*",
                "phore/filesystem": "*",
                "phore/objectstore": "*",
                "phpunit/phpunit": "*"
            },
            "suggest": {
                "phore/cache": "Use request caching"
            },
            "default-branch": true,
            "type": "library",
            "autoload": {
                "files": [
                    "src/functions.php"
                ],
                "psr-4": {
                    "Phore\\HttpClient\\": "src/"
                }
            },
            "notification-url": "https://packagist.org/downloads/",
            "license": [
                "MIT"
            ],
            "authors": [
                {
                    "name": "Matthias Leuffen",
                    "email": "m@tth.es"
                }
            ],
            "description": "Http client library for fast api access",
            "homepage": "https://infracamp.org/phore/",
            "keywords": [
                "Keyword1",
                "Keyword2"
            ],
            "support": {
                "issues": "https://github.com/phore/phore-http-client/issues",
                "source": "https://github.com/phore/phore-http-client/tree/master"
            },
            "time": "2024-01-30T11:20:56+00:00"
        },
        {
            "name": "phore/hydrator",
            "version": "dev-master",
            "source": {
                "type": "git",
                "url": "https://github.com/phore/phore-hydrator.git",
                "reference": "5d2d9751b69673d3a9d81614cc1d869d8bd9c489"
            },
            "dist": {
                "type": "zip",
                "url": "https://api.github.com/repos/phore/phore-hydrator/zipball/5d2d9751b69673d3a9d81614cc1d869d8bd9c489",
                "reference": "5d2d9751b69673d3a9d81614cc1d869d8bd9c489",
                "shasum": ""
            },
            "require": {
                "phore/core": "*",
                "php": ">=7.2"
            },
            "require-dev": {
                "phore/tester": "*"
            },
            "default-branch": true,
            "type": "library",
            "autoload": {
                "files": [
                    "src/functions.php"
                ],
                "psr-4": {
                    "Phore\\Hydrator\\": "src/"
                }
            },
            "notification-url": "https://packagist.org/downloads/",
            "license": [
                "MIT"
            ],
            "authors": [
                {
                    "name": "Matthias Leuffen",
                    "email": "m@tth.es"
                }
            ],
            "description": "Unserialize arrays into object structure",
            "support": {
                "issues": "https://github.com/phore/phore-hydrator/issues",
                "source": "https://github.com/phore/phore-hydrator/tree/master"
            },
            "time": "2023-11-22T13:25:01+00:00"
        },
        {
            "name": "phore/log",
            "version": "dev-master",
            "source": {
                "type": "git",
                "url": "https://github.com/phore/phore-log.git",
                "reference": "9bfde9d18d94c8fa0450bccc98801d24dc2cb83b"
            },
            "dist": {
                "type": "zip",
                "url": "https://api.github.com/repos/phore/phore-log/zipball/9bfde9d18d94c8fa0450bccc98801d24dc2cb83b",
                "reference": "9bfde9d18d94c8fa0450bccc98801d24dc2cb83b",
                "shasum": ""
            },
            "require": {
                "phore/core": "*",
                "php": ">=7.1",
                "psr/log": "^1.1"
            },
            "require-dev": {
                "phpunit/phpunit": "*"
            },
            "default-branch": true,
            "type": "library",
            "autoload": {
                "files": [
                    "src/functions.php"
                ],
                "psr-4": {
                    "Phore\\Log\\": "src/"
                }
            },
            "notification-url": "https://packagist.org/downloads/",
            "license": [
                "MIT"
            ],
            "authors": [
                {
                    "name": "Matthias Leuffen",
                    "email": "m@tth.es"
                }
            ],
            "description": "Logging class",
            "homepage": "https://infracamp.org/project/phore",
            "keywords": [
                "logging",
                "syslog"
            ],
            "support": {
                "issues": "https://github.com/phore/phore-log/issues",
                "source": "https://github.com/phore/phore-log/tree/dev-1.1"
            },
            "time": "2020-09-09T09:19:09+00:00"
        },
        {
            "name": "phore/system",
            "version": "dev-master",
            "source": {
                "type": "git",
                "url": "https://github.com/phore/phore-system.git",
                "reference": "66ba2f62c35a496901c658e51466145970f7afe9"
            },
            "dist": {
                "type": "zip",
                "url": "https://api.github.com/repos/phore/phore-system/zipball/66ba2f62c35a496901c658e51466145970f7afe9",
                "reference": "66ba2f62c35a496901c658e51466145970f7afe9",
                "shasum": ""
            },
            "require": {
                "phore/core": "*",
                "php": ">7.1"
            },
            "require-dev": {
                "phpunit/phpunit": "^8.1"
            },
            "default-branch": true,
            "type": "library",
            "autoload": {
                "files": [
                    "src/functions.php"
                ],
                "psr-4": {
                    "Phore\\System\\": "src/"
                }
            },
            "notification-url": "https://packagist.org/downloads/",
            "license": [
                "MIT"
            ],
            "authors": [
                {
                    "name": "Matthias Leuffen",
                    "email": "leuffen@continue.de"
                }
            ],
            "description": "Execute shell commands",
            "homepage": "https://infracamp.org/project/phore",
            "support": {
                "issues": "https://github.com/phore/phore-system/issues",
                "source": "https://github.com/phore/phore-system/tree/master"
            },
            "time": "2022-10-21T23:12:46+00:00"
        },
        {
            "name": "psr/http-message",
            "version": "1.1",
            "source": {
                "type": "git",
                "url": "https://github.com/php-fig/http-message.git",
                "reference": "cb6ce4845ce34a8ad9e68117c10ee90a29919eba"
            },
            "dist": {
                "type": "zip",
                "url": "https://api.github.com/repos/php-fig/http-message/zipball/cb6ce4845ce34a8ad9e68117c10ee90a29919eba",
                "reference": "cb6ce4845ce34a8ad9e68117c10ee90a29919eba",
                "shasum": ""
            },
            "require": {
                "php": "^7.2 || ^8.0"
            },
            "type": "library",
            "extra": {
                "branch-alias": {
                    "dev-master": "1.1.x-dev"
                }
            },
            "autoload": {
                "psr-4": {
                    "Psr\\Http\\Message\\": "src/"
                }
            },
            "notification-url": "https://packagist.org/downloads/",
            "license": [
                "MIT"
            ],
            "authors": [
                {
                    "name": "PHP-FIG",
                    "homepage": "http://www.php-fig.org/"
                }
            ],
            "description": "Common interface for HTTP messages",
            "homepage": "https://github.com/php-fig/http-message",
            "keywords": [
                "http",
                "http-message",
                "psr",
                "psr-7",
                "request",
                "response"
            ],
            "support": {
                "source": "https://github.com/php-fig/http-message/tree/1.1"
            },
            "time": "2023-04-04T09:50:52+00:00"
        },
        {
            "name": "psr/log",
            "version": "1.1.4",
            "source": {
                "type": "git",
                "url": "https://github.com/php-fig/log.git",
                "reference": "d49695b909c3b7628b6289db5479a1c204601f11"
            },
            "dist": {
                "type": "zip",
                "url": "https://api.github.com/repos/php-fig/log/zipball/d49695b909c3b7628b6289db5479a1c204601f11",
                "reference": "d49695b909c3b7628b6289db5479a1c204601f11",
                "shasum": ""
            },
            "require": {
                "php": ">=5.3.0"
            },
            "type": "library",
            "extra": {
                "branch-alias": {
                    "dev-master": "1.1.x-dev"
                }
            },
            "autoload": {
                "psr-4": {
                    "Psr\\Log\\": "Psr/Log/"
                }
            },
            "notification-url": "https://packagist.org/downloads/",
            "license": [
                "MIT"
            ],
            "authors": [
                {
                    "name": "PHP-FIG",
                    "homepage": "https://www.php-fig.org/"
                }
            ],
            "description": "Common interface for logging libraries",
            "homepage": "https://github.com/php-fig/log",
            "keywords": [
                "log",
                "psr",
                "psr-3"
            ],
            "support": {
                "source": "https://github.com/php-fig/log/tree/1.1.4"
            },
            "time": "2021-05-03T11:20:27+00:00"
        },
        {
            "name": "text/template",
            "version": "dev-master",
            "source": {
                "type": "git",
                "url": "https://github.com/dermatthes/text-template.git",
                "reference": "f4753d63755b9d7ace119a99221d1cc3ae506b21"
            },
            "dist": {
                "type": "zip",
                "url": "https://api.github.com/repos/dermatthes/text-template/zipball/f4753d63755b9d7ace119a99221d1cc3ae506b21",
                "reference": "f4753d63755b9d7ace119a99221d1cc3ae506b21",
                "shasum": ""
            },
            "require": {
                "ext-pcre": "*",
                "php": ">=5.4"
            },
            "require-dev": {
                "nette/tester": "*",
                "phpunit/phpcov": "^2.0",
                "satooshi/php-coveralls": "*"
            },
            "default-branch": true,
            "type": "library",
            "autoload": {
                "psr-4": {
                    "Leuffen\\TextTemplate\\": "src/"
                }
            },
            "notification-url": "https://packagist.org/downloads/",
            "license": [
                "MIT"
            ],
            "authors": [
                {
                    "name": "Matthias Leuffen",
                    "email": "matthes@leuffen.de"
                }
            ],
            "description": "Simple and secure string-template-engine (Twig-like syntax) with nested if/elseif/else, loops, filters. Simple OOP api: Just one class doing the job (2-lines of code). Fast and secure: No code-generation, no eval'ed() code. Extensible by callbacks. Fully tested. Rich examples included.",
            "homepage": "http://text-template.pub.leuffen.de",
            "keywords": [
                "filter",
                "for",
                "if",
                "loop",
                "mail",
                "render",
                "smarty",
                "template",
                "text",
                "twig"
            ],
            "support": {
                "issues": "https://github.com/dermatthes/text-template/issues",
                "source": "https://github.com/dermatthes/text-template/tree/v2.8.5"
            },
            "time": "2023-06-26T17:11:41+00:00"
        }
    ],
    "packages-dev": [],
    "aliases": [],
    "minimum-stability": "dev",
    "stability-flags": {
        "phore/cloudtool": 20,
        "phore/hydrator": 20,
        "phore/system": 20,
        "phore/http-client": 20
    },
    "prefer-stable": false,
    "prefer-lowest": false,
    "platform": {
        "php": ">=7.1"
    },
    "platform-dev": [],
    "plugin-api-version": "2.6.0"
}
